
Microsoft Visual Studio Solution File, Format Version 12.00
# Visual Studio Version 17
VisualStudioVersion = 17.2.32616.157
MinimumVisualStudioVersion = 10.0.40219.1
Project("{FAE04EC0-301F-11D3-BF4B-00C04F79EFBC}") = "TodoListWebApi", "TodoListWebApi\TodoListWebApi.csproj", "{349CCE09-BC71-454A-9F5A-806C8F6E56FF}"
EndProject
Global
	GlobalSection(SolutionConfigurationPlatforms) = preSolution
		Debug|Any CPU = Debug|Any CPU
		Release|Any CPU = Release|Any CPU
	EndGlobalSection
	GlobalSection(ProjectConfigurationPlatforms) = postSolution
		{349CCE09-BC71-454A-9F5A-806C8F6E56FF}.Debug|Any CPU.ActiveCfg = Debug|Any CPU
		{349CCE09-BC71-454A-9F5A-806C8F6E56FF}.Debug|Any CPU.Build.0 = Debug|Any CPU
		{349CCE09-BC71-454A-9F5A-806C8F6E56FF}.Release|Any CPU.ActiveCfg = Release|Any CPU
		{349CCE09-BC71-454A-9F5A-806C8F6E56FF}.Release|Any CPU.Build.0 = Release|Any CPU
	EndGlobalSection
	GlobalSection(SolutionProperties) = preSolution
		HideSolutionNode = FALSE
	EndGlobalSection
	GlobalSection(ExtensibilityGlobals) = postSolution
		SolutionGuid = {04CAC077-222D-462E-A511-94CF95251600}
	EndGlobalSection
EndGlobal
